
Microsoft Visual Studio Solution File, Format Version 12.00
# Visual Studio 2012
Project("{FAE04EC0-301F-11D3-BF4B-00C04F79EFBC}") = "ProductService", "ProductService\ProductService.csproj", "{D69C079D-58DC-470E-A51C-7DE4D5845430}"
EndProject
Global
	GlobalSection(SolutionConfigurationPlatforms) = preSolution
		Debug|Any CPU = Debug|Any CPU
		Release|Any CPU = Release|Any CPU
	EndGlobalSection
	GlobalSection(ProjectConfigurationPlatforms) = postSolution
		{D69C079D-58DC-470E-A51C-7DE4D5845430}.Debug|Any CPU.ActiveCfg = Debug|Any CPU
		{D69C079D-58DC-470E-A51C-7DE4D5845430}.Debug|Any CPU.Build.0 = Debug|Any CPU
		{D69C079D-58DC-470E-A51C-7DE4D5845430}.Release|Any CPU.ActiveCfg = Release|Any CPU
		{D69C079D-58DC-470E-A51C-7DE4D5845430}.Release|Any CPU.Build.0 = Release|Any CPU
	EndGlobalSection
	GlobalSection(SolutionProperties) = preSolution
		HideSolutionNode = FALSE
	EndGlobalSection
EndGlobal
